
Microsoft Visual Studio Solution File, Format Version 12.00
# Visual Studio Version 17
VisualStudioVersion = 17.13.35931.197 d17.13
MinimumVisualStudioVersion = 10.0.40219.1
Project("{FAE04EC0-301F-11D3-BF4B-00C04F79EFBC}") = "WebAPI_ASP.NET", "WebAPI_ASP.NET\WebAPI_ASP.NET.csproj", "{0F66FBAE-4632-4D2D-A3F6-E5E114579647}"
EndProject
Global
	GlobalSection(SolutionConfigurationPlatforms) = preSolution
		Debug|Any CPU = Debug|Any CPU
		Release|Any CPU = Release|Any CPU
	EndGlobalSection
	GlobalSection(ProjectConfigurationPlatforms) = postSolution
		{0F66FBAE-4632-4D2D-A3F6-E5E114579647}.Debug|Any CPU.ActiveCfg = Debug|Any CPU
		{0F66FBAE-4632-4D2D-A3F6-E5E114579647}.Debug|Any CPU.Build.0 = Debug|Any CPU
		{0F66FBAE-4632-4D2D-A3F6-E5E114579647}.Release|Any CPU.ActiveCfg = Release|Any CPU
		{0F66FBAE-4632-4D2D-A3F6-E5E114579647}.Release|Any CPU.Build.0 = Release|Any CPU
	EndGlobalSection
	GlobalSection(SolutionProperties) = preSolution
		HideSolutionNode = FALSE
	EndGlobalSection
	GlobalSection(ExtensibilityGlobals) = postSolution
		SolutionGuid = {95FD2C10-5093-4AF1-BEC9-1766A5F87072}
	EndGlobalSection
EndGlobal
